# This file is generated by running "yarn install" inside your project.
# Manual changes might be lost - proceed with caution!

__metadata:
  version: 4
  cacheKey: 7

"@types/component-emitter@npm:^1.2.10":
  version: 1.2.10
  resolution: "@types/component-emitter@npm:1.2.10"
  checksum: 868a9a00697df0ce74da77b8fc2c40f1a3ac6f294a828fdc8d9ae3ba62f9a541b472f147d1837dc7dd9d9c1333aa277f9d29c12e4746e6d779e6ce94c4c2f7ac
  languageName: node
  linkType: hard

"@types/cookie@npm:^0.4.0":
  version: 0.4.0
  resolution: "@types/cookie@npm:0.4.0"
  checksum: be9ef4172b97878fe38874c47d25bddcc58886fa4e621b3336bf2e08983763b5391a0d0b4ace34372adc3bd44da05ea9bcf885b0f5b5ab56bc72e0baba5e6346
  languageName: node
  linkType: hard

"@types/cors@npm:^2.8.8":
  version: 2.8.10
  resolution: "@types/cors@npm:2.8.10"
  checksum: c3f3d6feee59ff75127fec3030d55c3d5f1adfc07953facdae67c47dcd54c83c46a5e92f08afa53542ec978da38a388697d30731019798cb157c9e96c64ef6c3
  languageName: node
  linkType: hard

"@types/node@npm:>=10.0.0":
  version: 14.14.34
  resolution: "@types/node@npm:14.14.34"
  checksum: 74db0d80ad997c3ca2597abe1c63c85e87c32e06b4e8c8392a24a11ad00a4567b293a72bbdf49ace201150b420a943609181771cab034cef10fe65272d452718
  languageName: node
  linkType: hard

"accepts@npm:~1.3.4, accepts@npm:~1.3.7":
  version: 1.3.7
  resolution: "accepts@npm:1.3.7"
  dependencies:
    mime-types: ~2.1.24
    negotiator: 0.6.2
  checksum: 2686fa30dbc850db1bf458dc8171fba13c54ed6cb25f4298ec7c2f88b8dfc50351f25c40abe3a948e4ec7a0cc8ea83d1c55c2f73ffa612d18840a8778d4a2ee0
  languageName: node
  linkType: hard

"array-flatten@npm:1.1.1":
  version: 1.1.1
  resolution: "array-flatten@npm:1.1.1"
  checksum: de7a056451ff7891bb1bcda6ce2a50448ca70f63cd0fa7aa90430d288b6dc2931517b6853ce16c473a7f40fa6eaa874e20b6151616db93375471d1ffadfb1d3d
  languageName: node
  linkType: hard

"base64-arraybuffer@npm:0.1.4":
  version: 0.1.4
  resolution: "base64-arraybuffer@npm:0.1.4"
  checksum: be8207c755c206f1053a3ebccb71e48d21d33125df1940d1b176ec26008e521edae8e1aa859b6fb6444b2889e1beec0771274d2f5bc5898d41b35179a55fbe96
  languageName: node
  linkType: hard

"base64id@npm:2.0.0, base64id@npm:~2.0.0":
  version: 2.0.0
  resolution: "base64id@npm:2.0.0"
  checksum: 91517053496f8f6ef5c4f0dc8ea8cda43fe0ff9e268e0309f67da438fb680fc7df8bfba10e5d363d63f33e74babda0ac53d2e821e6d158a840d4091df1c16099
  languageName: node
  linkType: hard

"body-parser@npm:1.19.0":
  version: 1.19.0
  resolution: "body-parser@npm:1.19.0"
  dependencies:
    bytes: 3.1.0
    content-type: ~1.0.4
    debug: 2.6.9
    depd: ~1.1.2
    http-errors: 1.7.2
    iconv-lite: 0.4.24
    on-finished: ~2.3.0
    qs: 6.7.0
    raw-body: 2.4.0
    type-is: ~1.6.17
  checksum: 18c2a81df5eabc7e3541bc9ace394b88e6fbd390989b5e764ff34c3f9dbd097e19986c31baa9b855ec5c2cff2b79157449afb0cdfb97bb99c11d6239b2c47a34
  languageName: node
  linkType: hard

"bytes@npm:3.1.0":
  version: 3.1.0
  resolution: "bytes@npm:3.1.0"
  checksum: c3f64645ef37922c8194fef88a052de2a28101882dfdf8a225493888c4941a26ea15164957e7492e5c5e3a8e98ee6276f4834efacb68e2d8ad4d91f903250b6c
  languageName: node
  linkType: hard

"clsx@npm:^1.1.1":
  version: 1.1.1
  resolution: "clsx@npm:1.1.1"
  checksum: d8ae10ac0546da19fe8c9516886f6582a64a382cf4d09ea7d36d5287cafbdab1192ab249adc2cdf0310e0b0aeac4f4142cf7c738c98d9cb68c19ba24b6f673d5
  languageName: node
  linkType: hard

"component-emitter@npm:~1.3.0":
  version: 1.3.0
  resolution: "component-emitter@npm:1.3.0"
  checksum: fc4edbf1014f0aed88dcec33ca02d2938734e428423f640d8a3f94975615b8e8c506c19e29b93949637c5a281353e75fa79e299e0d57732f42a9fe346cb2cad6
  languageName: node
  linkType: hard

"content-disposition@npm:0.5.3":
  version: 0.5.3
  resolution: "content-disposition@npm:0.5.3"
  dependencies:
    safe-buffer: 5.1.2
  checksum: 8f1f235c0423be68023df7f5a3948601d859ce44ee94e1d0fa2a97383bd469e789320b6ddf6f31b3620605c75cf771522df11386f51aff401e5d51b6ccfde3e2
  languageName: node
  linkType: hard

"content-type@npm:~1.0.4":
  version: 1.0.4
  resolution: "content-type@npm:1.0.4"
  checksum: ff6e19cbf281c23d5608723a6dc60ac97e2280bd4d21602511283112321e6c1555895e395555e367672b54a0f1585276284b7c3c8be313aca73902ac2f2609fd
  languageName: node
  linkType: hard

"cookie-signature@npm:1.0.6":
  version: 1.0.6
  resolution: "cookie-signature@npm:1.0.6"
  checksum: 305054e102eebd0a483c63aefdc3abf54a9471bed5eb12be56c0dcf35a94110b8a13139b27751ab07a5ef09e9f4190ee67f71e9d3acf1748e6e2f1aed338c987
  languageName: node
  linkType: hard

"cookie@npm:0.4.0":
  version: 0.4.0
  resolution: "cookie@npm:0.4.0"
  checksum: 7aaef4b642c533600fdd001d963a507dfcd814267503374e51d9743475d024feeff8b0b4ddd0777a25791a2efbdfd8bc4a0fe0696104efa195e8f8584807d410
  languageName: node
  linkType: hard

"cookie@npm:~0.4.1":
  version: 0.4.1
  resolution: "cookie@npm:0.4.1"
  checksum: b8e0928e3e7aba013087974b33a6eec730b0a68b7ec00fc3c089a56ba2883bcf671252fc2ed64775aa1ca64796b6e1f6fdddba25a66808aef77614d235fd3e06
  languageName: node
  linkType: hard

"cors@npm:^2.8.5, cors@npm:~2.8.5":
  version: 2.8.5
  resolution: "cors@npm:2.8.5"
  dependencies:
    object-assign: ^4
    vary: ^1
  checksum: c83e88c15428b87ff55853ec5ce961b650c7aa3de536aadebbeb2334872d86a8be57165a77996f3b746366c950c2d51624a9b76b88fb7f18d178eca051ca1ae2
  languageName: node
  linkType: hard

"debug@npm:2.6.9":
  version: 2.6.9
  resolution: "debug@npm:2.6.9"
  dependencies:
    ms: 2.0.0
  checksum: 559f44f98cf25e2ee489022aec173afbff746564cb108c4493becb95bc3c017a67bdaa25a0ff64801fd32c35051d00af0e56cc7f762ae2c3bc089496e5a1c31b
  languageName: node
  linkType: hard

"debug@npm:~4.3.1":
  version: 4.3.2
  resolution: "debug@npm:4.3.2"
  dependencies:
    ms: 2.1.2
  peerDependenciesMeta:
    supports-color:
      optional: true
  checksum: 5543570879e2274f6725d4285a034d6e0822d35faefc6f55965933fb440e8c21eb3a0bef934e66f4b6b491f898ee2de37cab980e9d4fd61372136c19d3ce4527
  languageName: node
  linkType: hard

"depd@npm:~1.1.2":
  version: 1.1.2
  resolution: "depd@npm:1.1.2"
  checksum: f45566ff7019a346852f095768a380778ed544de24e103b479fd5d3e61982d670efbb5234c09d0588d7fdb09c26c48283d7150e4be5e6ce5d3d37cd268d75c4d
  languageName: node
  linkType: hard

"destroy@npm:~1.0.4":
  version: 1.0.4
  resolution: "destroy@npm:1.0.4"
  checksum: 5a516fc5a8a8089eecdac11da2339353542be7a71102dc5a1372ef6161501bf5c1ee59ff9f8a3f5f14cc8c88594d606f855f816d46a228ee5e0e5cb2b543534b
  languageName: node
  linkType: hard

"ee-first@npm:1.1.1":
  version: 1.1.1
  resolution: "ee-first@npm:1.1.1"
  checksum: ba74f91398e3ee3b6d665b2f0d13ad6530e89a7e64ec886a6eec0602fb8a5a274652960e21bd5d4b42fdeb9017d873ff872f50342d38779e955285977edb337c
  languageName: node
  linkType: hard

"encodeurl@npm:~1.0.2":
  version: 1.0.2
  resolution: "encodeurl@npm:1.0.2"
  checksum: 6ee5fcbcd245d2a2b6bd6fe36b80f91e31ab46e29192c50af00e8f860c0c2310ebbdaae40257878fdce90b42abcb3526895c7c3a2e229461ed1f0d0b5a020fc8
  languageName: node
  linkType: hard

"engine.io-parser@npm:~4.0.0":
  version: 4.0.2
  resolution: "engine.io-parser@npm:4.0.2"
  dependencies:
    base64-arraybuffer: 0.1.4
  checksum: fe5543911fb9451501c062fe6f0965ffd80064036daba4b7dda2190038436fd00875a049194381edd936dc27eaa0e52dca7f4113b0116d962ebd7cfe67247fc1
  languageName: node
  linkType: hard

"engine.io@npm:~5.0.0":
  version: 5.0.0
  resolution: "engine.io@npm:5.0.0"
  dependencies:
    accepts: ~1.3.4
    base64id: 2.0.0
    cookie: ~0.4.1
    cors: ~2.8.5
    debug: ~4.3.1
    engine.io-parser: ~4.0.0
    ws: ~7.4.2
  checksum: e65c6aa96710ce54722d922d2d67e3f304fac6fd6ce4102bfec3fa713cdbee439a8f734757e0a74e10df3644a8027de935f3eb5f4a87ad4f33b9aedee560edef
  languageName: node
  linkType: hard

"escape-html@npm:~1.0.3":
  version: 1.0.3
  resolution: "escape-html@npm:1.0.3"
  checksum: 900a7f2b80b9f89c85b7a303d1b7a4d354b93e328871414f165f13c5c209a80eab787e3a63429e596877def69fe4dcb3d1b55af655207a901a9ec99f7f148743
  languageName: node
  linkType: hard

"etag@npm:~1.8.1":
  version: 1.8.1
  resolution: "etag@npm:1.8.1"
  checksum: f18341a3c12a554ec46c0d4756bc9cae177e92f25a4ebd9ceefebf0ee448b675972fc110879f22b1bf514174713921ae5de9ff77af2062d422b1085588465a57
  languageName: node
  linkType: hard

"express@npm:^4.17.1":
  version: 4.17.1
  resolution: "express@npm:4.17.1"
  dependencies:
    accepts: ~1.3.7
    array-flatten: 1.1.1
    body-parser: 1.19.0
    content-disposition: 0.5.3
    content-type: ~1.0.4
    cookie: 0.4.0
    cookie-signature: 1.0.6
    debug: 2.6.9
    depd: ~1.1.2
    encodeurl: ~1.0.2
    escape-html: ~1.0.3
    etag: ~1.8.1
    finalhandler: ~1.1.2
    fresh: 0.5.2
    merge-descriptors: 1.0.1
    methods: ~1.1.2
    on-finished: ~2.3.0
    parseurl: ~1.3.3
    path-to-regexp: 0.1.7
    proxy-addr: ~2.0.5
    qs: 6.7.0
    range-parser: ~1.2.1
    safe-buffer: 5.1.2
    send: 0.17.1
    serve-static: 1.14.1
    setprototypeof: 1.1.1
    statuses: ~1.5.0
    type-is: ~1.6.18
    utils-merge: 1.0.1
    vary: ~1.1.2
  checksum: c4b470d623152c148e874b08d4afc35ea9498547c31a6ff6dae767ae11e3a59508a299732e9f45bfa2885685fbe2b75ca360862977798dfcec28ff2a4260eab2
  languageName: node
  linkType: hard

"finalhandler@npm:~1.1.2":
  version: 1.1.2
  resolution: "finalhandler@npm:1.1.2"
  dependencies:
    debug: 2.6.9
    encodeurl: ~1.0.2
    escape-html: ~1.0.3
    on-finished: ~2.3.0
    parseurl: ~1.3.3
    statuses: ~1.5.0
    unpipe: ~1.0.0
  checksum: f2e5b6bfe2201f13e74408530a7f354b7846ab3e648b3dde4f8ed3b773c8a743c16b0f378cb5113df7fef84c5be364bb1a3655f0a75571f163c982289fbd9671
  languageName: node
  linkType: hard

"forwarded@npm:~0.1.2":
  version: 0.1.2
  resolution: "forwarded@npm:0.1.2"
  checksum: 568d862ad1c514813fc62dc1bd58b8669b16d4ee2e634a6fc71f4849df798883ab94e63d8e1b35a17af51b2b39ca869e672c7310efe42fc7b9bad43a80b5ff87
  languageName: node
  linkType: hard

"fresh@npm:0.5.2":
  version: 0.5.2
  resolution: "fresh@npm:0.5.2"
  checksum: 2f76c8505d1ea5a6d5accea3e7aff0b796bfa43364c84929254f33909fa08640948bd1728220d1ff5f4c2b378a65e97da647f2fe0f2b7ddb44001f6e0dc2e91f
  languageName: node
  linkType: hard

"http-errors@npm:1.7.2":
  version: 1.7.2
  resolution: "http-errors@npm:1.7.2"
  dependencies:
    depd: ~1.1.2
    inherits: 2.0.3
    setprototypeof: 1.1.1
    statuses: ">= 1.5.0 < 2"
    toidentifier: 1.0.0
  checksum: 8ce4a4af05a3652c81768a2754ced24b86ff62e7bee147a27b6ef8cde24e7a48f9fbfcb87ec6f67781879b95f1b35d3f8d6378e8555eb7d469ce875f4e184418
  languageName: node
  linkType: hard

"http-errors@npm:~1.7.2":
  version: 1.7.3
  resolution: "http-errors@npm:1.7.3"
  dependencies:
    depd: ~1.1.2
    inherits: 2.0.4
    setprototypeof: 1.1.1
    statuses: ">= 1.5.0 < 2"
    toidentifier: 1.0.0
  checksum: 563ae4a3f19c89029212922bade6ffcd0e4b7fa52e539f08c8f6941de7eaccb00bf76cb7692662192f2f0d567d4ac1f9d6a3d0ee70b166c8540cf791497f90ea
  languageName: node
  linkType: hard

"iconv-lite@npm:0.4.24":
  version: 0.4.24
  resolution: "iconv-lite@npm:0.4.24"
  dependencies:
    safer-buffer: ">= 2.1.2 < 3"
  checksum: a9b9521066ee81853a8561e92bd7240bc5d3b7d5ef7da807a475e7858b0246e318b6af518c30a20a8749ef5eafeaa9631079446e4e696c7b60f468b34dc2cbfc
  languageName: node
  linkType: hard

"inherits@npm:2.0.3":
  version: 2.0.3
  resolution: "inherits@npm:2.0.3"
  checksum: 9488f9433effbc24474f6baee8014e5337c7f99305ecb4204fa5864ae7655c24225780d87fc65ed8d3d374715a18c5dc8c69fe3bf9745cde2e7acd0ac068a07b
  languageName: node
  linkType: hard

"inherits@npm:2.0.4":
  version: 2.0.4
  resolution: "inherits@npm:2.0.4"
  checksum: 98426da247ddfc3dcd7d7daedd90c3ca32d5b08deca08949726f12d49232aef94772a07b36cf4ff833e105ae2ef931777f6de4a6dd8245a216b9299ad4a50bea
  languageName: node
  linkType: hard

"ipaddr.js@npm:1.9.1":
  version: 1.9.1
  resolution: "ipaddr.js@npm:1.9.1"
  checksum: de15bc7e63973d960abc43c9fbbf19589c726774f59d157d1b29382a1e86ae87c68cbd8b5c78a1712a87fc4fcd91e10762c7671950c66a1a19040ff4fd2f9c9b
  languageName: node
  linkType: hard

"media-typer@npm:0.3.0":
  version: 0.3.0
  resolution: "media-typer@npm:0.3.0"
  checksum: be1c825782df7f38eebd451d778f6407bb15a59c8807a69e7f2ad74a25440e474536441c6bf583fdf2803ea23b866e91ff68f565cda297211dd89147758c8df3
  languageName: node
  linkType: hard

"merge-descriptors@npm:1.0.1":
  version: 1.0.1
  resolution: "merge-descriptors@npm:1.0.1"
  checksum: 2d2a09eaac840a7ceac7a13b44b7c8abf3ecccd93a609c3525d8290cb5d814336cc7c0b1dd485ae3bc471ed354eeefb153475ce2e1604ccdf79eebe74021c192
  languageName: node
  linkType: hard

"methods@npm:~1.1.2":
  version: 1.1.2
  resolution: "methods@npm:1.1.2"
  checksum: 450e4ea0fd4a0f3de8c0593d753c7d6c8f2ee49766f5ef35c68cc2ac41699d5e295b7d6330fc2b7271b8569a07857e3eb0b5df0599a353c5808265b4b5066168
  languageName: node
  linkType: hard

"mime-db@npm:1.46.0":
  version: 1.46.0
  resolution: "mime-db@npm:1.46.0"
  checksum: 4e137ac502ca5ba6c583e552c5fa6abd0c2157592f647824ba7246b771eb42c65c2a1816fc52b27afdbb88a026127f1d5fba354f9dcde591b3b464be07c3d27e
  languageName: node
  linkType: hard

"mime-types@npm:~2.1.24":
  version: 2.1.29
  resolution: "mime-types@npm:2.1.29"
  dependencies:
    mime-db: 1.46.0
  checksum: 744d72b2a24c64d2aacc1ead86bfc827c2c4f1bb6f3b4bf6d8684b82f5ddd0b75a5c0eff128a888c09080f9ad7979400b64a697889690fca3c42de80c8f5e187
  languageName: node
  linkType: hard

"mime@npm:1.6.0":
  version: 1.6.0
  resolution: "mime@npm:1.6.0"
  bin:
    mime: cli.js
  checksum: d540c24dd3e3a9e25e813714e55ff2f7841a3a1a47aed9786c508bd0251653d5e9abbfb1163c0c6e1be99f872d7fa1538c068bd6e306e9cb12dd9affa841a61e
  languageName: node
  linkType: hard

"ms@npm:2.0.0":
  version: 2.0.0
  resolution: "ms@npm:2.0.0"
  checksum: 1a230340cc7f322fbe916783d8c8d60455407c6b7fb7f901d6ee34eb272402302c5c7f070a97b8531245cbb4ca6a0a623f6a128d7e5a5440cefa2c669c0b35bb
  languageName: node
  linkType: hard

"ms@npm:2.1.1":
  version: 2.1.1
  resolution: "ms@npm:2.1.1"
  checksum: 81ad38c74df2473ce9fbed8bb71a00220c3d9e237ebd576306c9f6ca3221b251d602c7d199808944be1a3d7cda5883e72c77adb473734ba30f6e032165e05ebc
  languageName: node
  linkType: hard

"ms@npm:2.1.2":
  version: 2.1.2
  resolution: "ms@npm:2.1.2"
  checksum: 9b65fb709bc30c0c07289dcbdb61ca032acbb9ea5698b55fa62e2cebb04c5953f1876a1f3f7f4bc2e91d4bf4d86003f3e207c3bc6ee2f716f99827e62389cd0e
  languageName: node
  linkType: hard

"negotiator@npm:0.6.2":
  version: 0.6.2
  resolution: "negotiator@npm:0.6.2"
  checksum: 4b230bd15f0862d16c54ce0243fcfcf835ad59c8e58c467b4504dd28c9868cff71ff485b02cc575dc69dca819b58a1fadc9fb28403f45721f38a8fffde007d54
  languageName: node
  linkType: hard

"object-assign@npm:^4":
  version: 4.1.1
  resolution: "object-assign@npm:4.1.1"
  checksum: 66cf021898fc1b13ea573ea8635fbd5a76533f50cecbc2fcd5eee1e8029af41bcebe7023788b6d0e06cbe4401ecea075d972f78ec74467cdc571a0f1a4d1a081
  languageName: node
  linkType: hard

"on-finished@npm:~2.3.0":
  version: 2.3.0
  resolution: "on-finished@npm:2.3.0"
  dependencies:
    ee-first: 1.1.1
  checksum: 362e64608287d31ffd96a15fb9305a410b3e4d07c86f277fae907e38af46bc6f5ff948de90eabb81dc5632ca7f9a290085acc5410c378053dfa9860451d97ee5
  languageName: node
  linkType: hard

"parseurl@npm:~1.3.3":
  version: 1.3.3
  resolution: "parseurl@npm:1.3.3"
  checksum: 52c9e86cb58e38b28f1a50a6354d16648974ab7a2b91b209f97102840471de8adf524427774af6d5bc482fb7c0a6af6ba08ab37de9a1a7ae389ebe074015914b
  languageName: node
  linkType: hard

"path-to-regexp@npm:0.1.7":
  version: 0.1.7
  resolution: "path-to-regexp@npm:0.1.7"
  checksum: 342fdb0ca48415d6eccdbe6d4180fd0fa4786ccc96ab3f74fcdf7acfc99e075af25e6077c8086c341dcfb4f5f84401ecd21e6cd7b24e0c3b556fb7ffb2570da7
  languageName: node
  linkType: hard

"proxy-addr@npm:~2.0.5":
  version: 2.0.6
  resolution: "proxy-addr@npm:2.0.6"
  dependencies:
    forwarded: ~0.1.2
    ipaddr.js: 1.9.1
  checksum: a7dcfd70258cdc3b73c5dc4a35c73db9857f3bf4cf5e6404380e8ea558f8c5569147e721a01195d00b450e36b4dde727fc9d22fdea14310ba38faa595530cd58
  languageName: node
  linkType: hard

"qs@npm:6.7.0":
  version: 6.7.0
  resolution: "qs@npm:6.7.0"
  checksum: 8590470436ff0a75ae35e6b45fd7260e2beb537ff8ec1104f9703a349b09ce1aa27e8e1c06b9ad25ac62fc098e12cc65df93042a233128a0276ccd6de4c7819a
  languageName: node
  linkType: hard

"range-parser@npm:~1.2.1":
  version: 1.2.1
  resolution: "range-parser@npm:1.2.1"
  checksum: 05074f5b23dbdc24acdae9821dd684fbc9c0d770cdaa4469ab529d8e0fc1338aa33561a4c7c14a1f9bdcb3b5e9a3770e5a80318258a72289a7ef05fcda72a707
  languageName: node
  linkType: hard

"raw-body@npm:2.4.0":
  version: 2.4.0
  resolution: "raw-body@npm:2.4.0"
  dependencies:
    bytes: 3.1.0
    http-errors: 1.7.2
    iconv-lite: 0.4.24
    unpipe: 1.0.0
  checksum: 46dc02f8b4f358786d41e18fb55533fbe4702d390e22bbe2b9c98c88dec41cab23ea2315f3ae0bf4bc0213a2872c89943d3df6857f4e21f996ea9d2d92f1bcaa
  languageName: node
  linkType: hard

"react-socket-io@workspace:.":
  version: 0.0.0-use.local
  resolution: "react-socket-io@workspace:."
  dependencies:
    clsx: ^1.1.1
    cors: ^2.8.5
    express: ^4.17.1
    socket.io: ^4.0.0
  languageName: unknown
  linkType: soft

"safe-buffer@npm:5.1.2":
  version: 5.1.2
  resolution: "safe-buffer@npm:5.1.2"
  checksum: 2708587c1b5e70a5e420714ceb59f30f5791c6e831d39812125a008eca63a4ac18578abd020a0776ea497ff03b4543f2b2a223a7b9073bf2d6c7af9ec6829218
  languageName: node
  linkType: hard

"safer-buffer@npm:>= 2.1.2 < 3":
  version: 2.1.2
  resolution: "safer-buffer@npm:2.1.2"
  checksum: 549ba83f5b314b59898efe3422120ce1ca7987a6eae5925a5fa5db930dc414d4a9dde0a5594f89638cd6ea60b6840ea961872908933ac2428d1726489db46fa5
  languageName: node
  linkType: hard

"send@npm:0.17.1":
  version: 0.17.1
  resolution: "send@npm:0.17.1"
  dependencies:
    debug: 2.6.9
    depd: ~1.1.2
    destroy: ~1.0.4
    encodeurl: ~1.0.2
    escape-html: ~1.0.3
    etag: ~1.8.1
    fresh: 0.5.2
    http-errors: ~1.7.2
    mime: 1.6.0
    ms: 2.1.1
    on-finished: ~2.3.0
    range-parser: ~1.2.1
    statuses: ~1.5.0
  checksum: 58e4ab2e07e8dfb206ca954a9b85f4e367aba0e4d59ce4c9c96a82034385b67f25d33ad526fdb69d635744bbe4d8afea06e2c0348d7d32920e3489d86dc3ec6f
  languageName: node
  linkType: hard

"serve-static@npm:1.14.1":
  version: 1.14.1
  resolution: "serve-static@npm:1.14.1"
  dependencies:
    encodeurl: ~1.0.2
    escape-html: ~1.0.3
    parseurl: ~1.3.3
    send: 0.17.1
  checksum: 97e8c94ec02950d019000ca12a8e0b4fdeaaabb7ae965c1c05557b55b48114716ae92688972a8d9f06a5e2d5957c305253a859ec223bb39a1e0732366d0e2768
  languageName: node
  linkType: hard

"setprototypeof@npm:1.1.1":
  version: 1.1.1
  resolution: "setprototypeof@npm:1.1.1"
  checksum: 0efed4da5aec7535828ac07c3b560f0a54257a4a7d5390ffabe5530a083974aef577651507974215edb92a51efa142f22fb3242e24d630ba6adcbfc9e7f1ff2b
  languageName: node
  linkType: hard

"socket.io-adapter@npm:~2.2.0":
  version: 2.2.0
  resolution: "socket.io-adapter@npm:2.2.0"
  checksum: 8be9685d4ef104b2ffd4c21fc546b0d751261f1810479b334c2f7f4c75a33ee8126c5f4b52e55e8660ec8b9ac0491a44b843ccc17188ca58f68256a7c8c26899
  languageName: node
  linkType: hard

"socket.io-parser@npm:~4.0.3":
  version: 4.0.4
  resolution: "socket.io-parser@npm:4.0.4"
  dependencies:
    "@types/component-emitter": ^1.2.10
    component-emitter: ~1.3.0
    debug: ~4.3.1
  checksum: ee2ffffa30e11ecebe690291ed91e5f949bf4ab9446ad6659b84488dd4f5908514867970539d32e1d94d4a5596e0d191f2e0ad92f707324cc4753ceb328aea2a
  languageName: node
  linkType: hard

"socket.io@npm:^4.0.0":
  version: 4.0.0
  resolution: "socket.io@npm:4.0.0"
  dependencies:
    "@types/cookie": ^0.4.0
    "@types/cors": ^2.8.8
    "@types/node": ">=10.0.0"
    accepts: ~1.3.4
    base64id: ~2.0.0
    debug: ~4.3.1
    engine.io: ~5.0.0
    socket.io-adapter: ~2.2.0
    socket.io-parser: ~4.0.3
  checksum: e0f9a718a87fd016a89fc5e37525ddebcfc2de0c0355523acae7b431e73b2e3f17043c9b21994f838f79d8662f9c4d70ab1dc84cf96e68d7c9757a65a1ba833f
  languageName: node
  linkType: hard

"statuses@npm:>= 1.5.0 < 2, statuses@npm:~1.5.0":
  version: 1.5.0
  resolution: "statuses@npm:1.5.0"
  checksum: 57735269bf231176a60deb80f6d60214cb4a87663b0937e79497afe9aebe2597f8377fd28893f4d1776205f18dd0b927774a26b72051411ac5108e9e2dfc77d2
  languageName: node
  linkType: hard

"toidentifier@npm:1.0.0":
  version: 1.0.0
  resolution: "toidentifier@npm:1.0.0"
  checksum: 95720e8a0f98f1525f50ccbecbc2a23f0a1b4e448de03819dbbeda03adf0d2010fe64525fbc9d549765242550d341bb891672e4ac0b2cac58613cdd742324255
  languageName: node
  linkType: hard

"type-is@npm:~1.6.17, type-is@npm:~1.6.18":
  version: 1.6.18
  resolution: "type-is@npm:1.6.18"
  dependencies:
    media-typer: 0.3.0
    mime-types: ~2.1.24
  checksum: 20a3514f1d835c979237995129d1f8c564325301e3a8f1c732bcbe1d7fa0ca1f65994e41a79e9030d79f31e5459bb9be5c377848fcb477cb3049a661b3713d74
  languageName: node
  linkType: hard

"unpipe@npm:1.0.0, unpipe@npm:~1.0.0":
  version: 1.0.0
  resolution: "unpipe@npm:1.0.0"
  checksum: ba244e8bf640475b2143af95be5d71353cd4d238d63abf5dfe700c67841f066eb0819fc60dee7f2348ef647a5644a06ba024b9a0ab6d399fc07a05eb72a30ac7
  languageName: node
  linkType: hard

"utils-merge@npm:1.0.1":
  version: 1.0.1
  resolution: "utils-merge@npm:1.0.1"
  checksum: a457956ebc09efbda05da8bf213ab89140bb9dffa3c42b3315dd8fc3c45d67a1b802741f58b7bba4872113201fc275fc86470289d8bd32b74297b5e5b5980705
  languageName: node
  linkType: hard

"vary@npm:^1, vary@npm:~1.1.2":
  version: 1.1.2
  resolution: "vary@npm:1.1.2"
  checksum: 591f059f727ac1ba0d97cb7767f8583a03fcbb07db7be2b7dce838ede520ec0e958a41cb19077054769077fdc49a9b9a2dc391c83426bfee89c054b8cc7404bf
  languageName: node
  linkType: hard

"ws@npm:~7.4.2":
  version: 7.4.4
  resolution: "ws@npm:7.4.4"
  peerDependencies:
    bufferutil: ^4.0.1
    utf-8-validate: ^5.0.2
  peerDependenciesMeta:
    bufferutil:
      optional: true
    utf-8-validate:
      optional: true
  checksum: ad08761ed753cdd3f7172e9a9efc7d74e7e196623cace2380e5f74ff0abd16196e03223bd4148a34278dcbc653ee3841994635419281cbf303b3f22c589e2ec4
  languageName: node
  linkType: hard
